
Microsoft Visual Studio Solution File, Format Version 12.00
Project("{FAE04EC0-301F-11D3-BF4B-00C04F79EFBC}") = "Daevolution", "Daevolution\Daevolution.csproj", "{DC49AD56-804E-42BB-BAE1-C8B1B304F975}"
EndProject
Project("{FAE04EC0-301F-11D3-BF4B-00C04F79EFBC}") = "LivingCanvas", "LivingCanvas\LivingCanvas.csproj", "{52593EC3-3064-41E1-972E-483A6C405AEE}"
EndProject
Global
	GlobalSection(SolutionConfigurationPlatforms) = preSolution
		Debug|Any CPU = Debug|Any CPU
		Release|Any CPU = Release|Any CPU
	EndGlobalSection
	GlobalSection(ProjectConfigurationPlatforms) = postSolution
		{DC49AD56-804E-42BB-BAE1-C8B1B304F975}.Debug|Any CPU.ActiveCfg = Debug|Any CPU
		{DC49AD56-804E-42BB-BAE1-C8B1B304F975}.Debug|Any CPU.Build.0 = Debug|Any CPU
		{DC49AD56-804E-42BB-BAE1-C8B1B304F975}.Release|Any CPU.ActiveCfg = Release|Any CPU
		{DC49AD56-804E-42BB-BAE1-C8B1B304F975}.Release|Any CPU.Build.0 = Release|Any CPU
		{52593EC3-3064-41E1-972E-483A6C405AEE}.Debug|Any CPU.ActiveCfg = Debug|Any CPU
		{52593EC3-3064-41E1-972E-483A6C405AEE}.Debug|Any CPU.Build.0 = Debug|Any CPU
		{52593EC3-3064-41E1-972E-483A6C405AEE}.Release|Any CPU.ActiveCfg = Release|Any CPU
		{52593EC3-3064-41E1-972E-483A6C405AEE}.Release|Any CPU.Build.0 = Release|Any CPU
	EndGlobalSection
EndGlobal
